# THIS IS AN AUTOGENERATED FILE. DO NOT EDIT THIS FILE DIRECTLY.
# yarn lockfile v1


"@faker-js/faker@^9.8.0":
  version "9.8.0"
  resolved "https://registry.yarnpkg.com/@faker-js/faker/-/faker-9.8.0.tgz#3344284028d1c9dc98dee2479f82939310370d88"
  integrity sha512-U9wpuSrJC93jZBxx/Qq2wPjCuYISBueyVUGK7qqdmj7r/nxaxwW8AQDCLeRO7wZnjj94sh3p246cAYjUKuqgfg==

"@playwright/test@^1.52.0":
  version "1.52.0"
  resolved "https://registry.yarnpkg.com/@playwright/test/-/test-1.52.0.tgz#267ec595b43a8f4fa5e444ea503689629e91a5b8"
  integrity sha512-uh6W7sb55hl7D6vsAeA+V2p5JnlAqzhqFyF0VcJkKZXkgnFcVG9PziERRHQfPLfNGx1C292a4JqbWzhR8L4R1g==
  dependencies:
    playwright "1.52.0"

allure-commandline@^2.34.0:
  version "2.34.0"
  resolved "https://registry.yarnpkg.com/allure-commandline/-/allure-commandline-2.34.0.tgz#eab7b752908ab765578849bad8c9b8a19d90e84b"
  integrity sha512-+SgVJ9+o7OH43KVCln0KT7VIsXCfMVEvFuYArIFNtS0fWu61UFdeiCYvrlQPC9trEoFhOe2e5i8Xhghwo46iRQ==

allure-js-commons@3.2.2:
  version "3.2.2"
  resolved "https://registry.yarnpkg.com/allure-js-commons/-/allure-js-commons-3.2.2.tgz#f8c494b7f20b6f2270a4d2924b94a0c9b7762df6"
  integrity sha512-qr9r9+HpyNmbaaAtNDK6qXXar7RcYQECf8hOtH/e8DFKZNahIkfFYU0LP4Q7SPbqyAZsGbocTKikVx9L2po+eg==
  dependencies:
    md5 "^2.3.0"

allure-playwright@^3.2.2:
  version "3.2.2"
  resolved "https://registry.yarnpkg.com/allure-playwright/-/allure-playwright-3.2.2.tgz#21f03719e3c972293e55aac27eb600d5fd195e64"
  integrity sha512-nBZsUkMOpMfvwuNaHOC+RYwjV6EjJ1NsznlTEeZAjcMSvhmbSPC5HLruDATwUctZu33DFwbk/ub/HhMfFisYHQ==
  dependencies:
    allure-js-commons "3.2.2"

charenc@0.0.2:
  version "0.0.2"
  resolved "https://registry.yarnpkg.com/charenc/-/charenc-0.0.2.tgz#c0a1d2f3a7092e03774bfa83f14c0fc5790a8667"
  integrity sha512-yrLQ/yVUFXkzg7EDQsPieE/53+0RlaWTs+wBrvW36cyilJ2SaDWfl4Yj7MtLTXleV9uEKefbAGUPv2/iWSooRA==

crypt@0.0.2:
  version "0.0.2"
  resolved "https://registry.yarnpkg.com/crypt/-/crypt-0.0.2.tgz#88d7ff7ec0dfb86f713dc87bbb42d044d3e6c41b"
  integrity sha512-mCxBlsHFYh9C+HVpiEacem8FEBnMXgU9gy4zmNC+SXAZNB/1idgp/aulFJ4FgCi7GPEVbfyng092GqL2k2rmow==

dotenv@^16.5.0:
  version "16.5.0"
  resolved "https://registry.yarnpkg.com/dotenv/-/dotenv-16.5.0.tgz#092b49f25f808f020050051d1ff258e404c78692"
  integrity sha512-m/C+AwOAr9/W1UOIZUo232ejMNnJAJtYQjUbHoNTBNTJSvqzzDh7vnrei3o3r3m9blf6ZoDkvcw0VmozNRFJxg==

fsevents@2.3.2:
  version "2.3.2"
  resolved "https://registry.yarnpkg.com/fsevents/-/fsevents-2.3.2.tgz#8a526f78b8fdf4623b709e0b975c52c24c02fd1a"
  integrity sha512-xiqMQR4xAeHTuB9uWm+fFRcIOgKBMiOBP+eXiyT7jsgVCq1bkVygt00oASowB7EdtpOHaaPgKt812P9ab+DDKA==

is-buffer@~1.1.6:
  version "1.1.6"
  resolved "https://registry.yarnpkg.com/is-buffer/-/is-buffer-1.1.6.tgz#efaa2ea9daa0d7ab2ea13a97b2b8ad51fefbe8be"
  integrity sha512-NcdALwpXkTm5Zvvbk7owOUSvVvBKDgKP5/ewfXEznmQFfs4ZRmanOeKBTjRVjka3QFoN6XJ+9F3USqfHqTaU5w==

md5@^2.3.0:
  version "2.3.0"
  resolved "https://registry.yarnpkg.com/md5/-/md5-2.3.0.tgz#c3da9a6aae3a30b46b7b0c349b87b110dc3bda4f"
  integrity sha512-T1GITYmFaKuO91vxyoQMFETst+O71VUPEU3ze5GNzDm0OWdP8v1ziTaAEPUr/3kLsY3Sftgz242A1SetQiDL7g==
  dependencies:
    charenc "0.0.2"
    crypt "0.0.2"
    is-buffer "~1.1.6"

playwright-core@1.52.0:
  version "1.52.0"
  resolved "https://registry.yarnpkg.com/playwright-core/-/playwright-core-1.52.0.tgz#238f1f0c3edd4ebba0434ce3f4401900319a3dca"
  integrity sha512-l2osTgLXSMeuLZOML9qYODUQoPPnUsKsb5/P6LJ2e6uPKXUdPK5WYhN4z03G+YNbWmGDY4YENauNu4ZKczreHg==

playwright@1.52.0:
  version "1.52.0"
  resolved "https://registry.yarnpkg.com/playwright/-/playwright-1.52.0.tgz#26cb9a63346651e1c54c8805acfd85683173d4bd"
  integrity sha512-JAwMNMBlxJ2oD1kce4KPtMkDeKGHQstdpFPcPH3maElAXon/QZeTvtsfXmTMRyO9TslfoYOXkSsvao2nE1ilTw==
  dependencies:
    playwright-core "1.52.0"
  optionalDependencies:
    fsevents "2.3.2"
